
Microsoft Visual Studio Solution File, Format Version 12.00
Project("{FAE04EC0-301F-11D3-BF4B-00C04F79EFBC}") = "Client", "Direct reply-to\Client\Client.csproj", "{FDC13E5E-283E-430B-9060-32E5ADEF2A2C}"
EndProject
Project("{FAE04EC0-301F-11D3-BF4B-00C04F79EFBC}") = "Server", "Direct reply-to\Server\Server.csproj", "{C564FA71-D707-4D23-A7B8-1377D7120106}"
EndProject
Project("{FAE04EC0-301F-11D3-BF4B-00C04F79EFBC}") = "FirstClient", "Local random exchange\FirstClient\FirstClient.csproj", "{3A90BF15-BE97-4452-805D-5671FC36C67E}"
EndProject
Project("{FAE04EC0-301F-11D3-BF4B-00C04F79EFBC}") = "FirstServer", "Local random exchange\FirstServer\FirstServer.csproj", "{A9A6843D-A428-4252-9289-E4FD6E22C377}"
EndProject
Project("{FAE04EC0-301F-11D3-BF4B-00C04F79EFBC}") = "SecondClient", "Local random exchange\SecondClient\SecondClient.csproj", "{30481609-00E1-46E8-8C6A-C2EB9D088361}"
EndProject
Project("{FAE04EC0-301F-11D3-BF4B-00C04F79EFBC}") = "SecondServer", "Local random exchange\SecondServer\SecondServer.csproj", "{C537803B-0615-449D-8F44-965D67266171}"
EndProject
Project("{FAE04EC0-301F-11D3-BF4B-00C04F79EFBC}") = "Publisher", "Alternative Exchanges\Publisher\Publisher.csproj", "{E3137A8F-C57F-4464-A449-8CF50178B9D0}"
EndProject
Project("{FAE04EC0-301F-11D3-BF4B-00C04F79EFBC}") = "AE.Consumer", "Alternative Exchanges\AE.Consumer\AE.Consumer.csproj", "{E29CD31F-D261-44DA-B525-E350BA595E92}"
EndProject
Project("{FAE04EC0-301F-11D3-BF4B-00C04F79EFBC}") = "Main.Consumer", "Alternative Exchanges\Main.Consumer\Main.Consumer.csproj", "{EC556ACE-1D0A-4392-95D7-6F3777C12B1A}"
EndProject
Project("{FAE04EC0-301F-11D3-BF4B-00C04F79EFBC}") = "DeadLettering.Producer", "Dead Lettering\DeadLettering.Producer\DeadLettering.Producer.csproj", "{7B407FC6-A695-4BEE-81B5-7D39B92DD1B9}"
EndProject
Project("{FAE04EC0-301F-11D3-BF4B-00C04F79EFBC}") = "DeadLettering.Consumer", "Dead Lettering\DeadLettering.Consumer\DeadLettering.Consumer.csproj", "{F092EB23-3539-4C15-BEC4-0FD2A1F5D517}"
EndProject
Project("{FAE04EC0-301F-11D3-BF4B-00C04F79EFBC}") = "QuorumQueues.Publisher", "Quorum Queues\QuorumQueues.Publisher\QuorumQueues.Publisher.csproj", "{47034FE0-7705-4EC3-96EE-3F15D103B68F}"
EndProject
Project("{FAE04EC0-301F-11D3-BF4B-00C04F79EFBC}") = "QuorumQueues.Consumer", "Quorum Queues\QuorumQueues.Consumer\QuorumQueues.Consumer.csproj", "{6F1D542E-6BF9-4046-9F4A-1EBD49507850}"
EndProject
Project("{FAE04EC0-301F-11D3-BF4B-00C04F79EFBC}") = "Streams.Producer", "Streams\Basic\Streams.Producer\Streams.Producer.csproj", "{7736D65A-D966-4599-808F-F851EA0CC1F9}"
EndProject
Project("{FAE04EC0-301F-11D3-BF4B-00C04F79EFBC}") = "Streams.Consumer", "Streams\Basic\Streams.Consumer\Streams.Consumer.csproj", "{69ADB54A-3DF9-402B-8356-C1CE41FC0837}"
EndProject
Project("{FAE04EC0-301F-11D3-BF4B-00C04F79EFBC}") = "SAC.Streams.Producer", "Streams\Single Active Consumer\SAC.Streams.Producer\SAC.Streams.Producer.csproj", "{E74C449B-D7D7-4F55-9CD5-8E23D2D8038A}"
EndProject
Project("{FAE04EC0-301F-11D3-BF4B-00C04F79EFBC}") = "SAC.Streams.Consumer1", "Streams\Single Active Consumer\SAC.Streams.Consumer1\SAC.Streams.Consumer1.csproj", "{98E1CACD-2269-4C43-98B3-4B5F7BC5EFA6}"
EndProject
Project("{FAE04EC0-301F-11D3-BF4B-00C04F79EFBC}") = "SAC.Streams.Consumer2", "Streams\Single Active Consumer\SAC.Streams.Consumer2\SAC.Streams.Consumer2.csproj", "{5467BDD2-A479-4581-9FDD-BD6391763EEA}"
EndProject
Project("{FAE04EC0-301F-11D3-BF4B-00C04F79EFBC}") = "SuperStreams.Producer", "Streams\Super Streams\SuperStreams.Producer\SuperStreams.Producer.csproj", "{A1C633C1-4D5D-459A-9F4C-DA66D7CAA3B3}"
EndProject
Project("{FAE04EC0-301F-11D3-BF4B-00C04F79EFBC}") = "SuperStreams.Consumer", "Streams\Super Streams\SuperStreams.Consumer\SuperStreams.Consumer.csproj", "{6B1DB008-3230-44A6-8E2D-4468FF02C0CF}"
EndProject
Project("{FAE04EC0-301F-11D3-BF4B-00C04F79EFBC}") = "SuperStreams.SAC.Publisher", "Streams\Super Streams\Single Active Consumer\SuperStreams.SAC.Publisher\SuperStreams.SAC.Publisher.csproj", "{3DC48F21-8189-41B0-ACA5-AA6B36C1DD12}"
EndProject
Project("{FAE04EC0-301F-11D3-BF4B-00C04F79EFBC}") = "SuperStreams.SAC.Consumer1", "Streams\Super Streams\Single Active Consumer\SuperStreams.SAC.Consumer1\SuperStreams.SAC.Consumer1.csproj", "{646E6858-3456-4F11-81AA-4E77D0C4E3A8}"
EndProject
Project("{FAE04EC0-301F-11D3-BF4B-00C04F79EFBC}") = "SuperStreams.SAC.Consumer2", "Streams\Super Streams\Single Active Consumer\SuperStreams.SAC.Consumer2\SuperStreams.SAC.Consumer2.csproj", "{63B72176-B3E3-43AE-9324-190EA7A90169}"
EndProject
Project("{FAE04EC0-301F-11D3-BF4B-00C04F79EFBC}") = "SuperStreams.SAC.Consumer3", "Streams\Super Streams\Single Active Consumer\SuperStreams.SAC.Consumer3\SuperStreams.SAC.Consumer3.csproj", "{60AC7BDF-9D0F-4E5F-9416-793B79C29482}"
EndProject
Project("{FAE04EC0-301F-11D3-BF4B-00C04F79EFBC}") = "PublisherConfirms.Publisher1", "Consumer Acks and Publisher Confirms\PublisherConfirms.Publisher1\PublisherConfirms.Publisher1.csproj", "{A8CE3911-B638-42D5-864B-648DC121163B}"
EndProject
Project("{FAE04EC0-301F-11D3-BF4B-00C04F79EFBC}") = "PublisherConfirms.Publisher2", "Consumer Acks and Publisher Confirms\PublisherConfirms.Publisher2\PublisherConfirms.Publisher2.csproj", "{15C043B4-BB72-4ADA-9D81-BB37355C4999}"
EndProject
Project("{FAE04EC0-301F-11D3-BF4B-00C04F79EFBC}") = "ConsumerAcks.Publisher", "Consumer Acks and Publisher Confirms\ConsumerAcks.Publisher\ConsumerAcks.Publisher.csproj", "{2CF5182E-8868-4B65-9665-ADB4E5B5125F}"
EndProject
Project("{FAE04EC0-301F-11D3-BF4B-00C04F79EFBC}") = "ConsumerAcks.Consumer", "Consumer Acks and Publisher Confirms\ConsumerAcks.Consumer\ConsumerAcks.Consumer.csproj", "{26E7A823-8B0D-4064-B0A2-00557E031AB6}"
EndProject
Project("{FAE04EC0-301F-11D3-BF4B-00C04F79EFBC}") = "FederationPlugin.Cluster1.Producer", "Plugins\Federation\FederatingExchanges\FederationPlugin.Cluster1.Producer\FederationPlugin.Cluster1.Producer.csproj", "{6AD6A21F-C4AC-42F7-989C-6ED411E003DD}"
EndProject
Project("{FAE04EC0-301F-11D3-BF4B-00C04F79EFBC}") = "FederationPlugin.Cluster2.Consumer", "Plugins\Federation\FederatingExchanges\FederationPlugin.Cluster2.Consumer\FederationPlugin.Cluster2.Consumer.csproj", "{223DB26D-453A-4FE5-A010-E503255857B0}"
EndProject
Project("{FAE04EC0-301F-11D3-BF4B-00C04F79EFBC}") = "FederationPlugin.FederatedQueues.Cluster1.Producer", "Plugins\Federation\FederatedQueues\FederationPlugin.FederatedQueues.Cluster1.Producer\FederationPlugin.FederatedQueues.Cluster1.Producer.csproj", "{127955B2-F280-4E81-A7EF-C8C4BC0885DB}"
EndProject
Project("{FAE04EC0-301F-11D3-BF4B-00C04F79EFBC}") = "FederationPlugin.FederatedQueues.Cluster2.Consumer", "Plugins\Federation\FederatedQueues\FederationPlugin.FederatedQueues.Cluster2.Consumer\FederationPlugin.FederatedQueues.Cluster2.Consumer.csproj", "{9D1C5F30-E9E9-4534-A918-9E75D3E91662}"
EndProject
Project("{FAE04EC0-301F-11D3-BF4B-00C04F79EFBC}") = "Shovel.Client1", "Plugins\Shovel\Shovel.Client1\Shovel.Client1.csproj", "{3CE87ABF-9FF0-4EC5-9779-1CCB0711B66A}"
EndProject
Project("{FAE04EC0-301F-11D3-BF4B-00C04F79EFBC}") = "Shovel.Client2", "Plugins\Shovel\Shovel.Client2\Shovel.Client2.csproj", "{5E80C006-CB58-4FBB-B212-0188F5384285}"
EndProject
Project("{FAE04EC0-301F-11D3-BF4B-00C04F79EFBC}") = "Stomp.Client", "Plugins\STOMP\Stomp.Client\Stomp.Client.csproj", "{DF97B5AA-2C87-43D7-8CBF-43568A358D0A}"
EndProject
Global
	GlobalSection(SolutionConfigurationPlatforms) = preSolution
		Debug|Any CPU = Debug|Any CPU
		Release|Any CPU = Release|Any CPU
	EndGlobalSection
	GlobalSection(ProjectConfigurationPlatforms) = postSolution
		{FDC13E5E-283E-430B-9060-32E5ADEF2A2C}.Debug|Any CPU.ActiveCfg = Debug|Any CPU
		{FDC13E5E-283E-430B-9060-32E5ADEF2A2C}.Debug|Any CPU.Build.0 = Debug|Any CPU
		{FDC13E5E-283E-430B-9060-32E5ADEF2A2C}.Release|Any CPU.ActiveCfg = Release|Any CPU
		{FDC13E5E-283E-430B-9060-32E5ADEF2A2C}.Release|Any CPU.Build.0 = Release|Any CPU
		{C564FA71-D707-4D23-A7B8-1377D7120106}.Debug|Any CPU.ActiveCfg = Debug|Any CPU
		{C564FA71-D707-4D23-A7B8-1377D7120106}.Debug|Any CPU.Build.0 = Debug|Any CPU
		{C564FA71-D707-4D23-A7B8-1377D7120106}.Release|Any CPU.ActiveCfg = Release|Any CPU
		{C564FA71-D707-4D23-A7B8-1377D7120106}.Release|Any CPU.Build.0 = Release|Any CPU
		{3A90BF15-BE97-4452-805D-5671FC36C67E}.Debug|Any CPU.ActiveCfg = Debug|Any CPU
		{3A90BF15-BE97-4452-805D-5671FC36C67E}.Debug|Any CPU.Build.0 = Debug|Any CPU
		{3A90BF15-BE97-4452-805D-5671FC36C67E}.Release|Any CPU.ActiveCfg = Release|Any CPU
		{3A90BF15-BE97-4452-805D-5671FC36C67E}.Release|Any CPU.Build.0 = Release|Any CPU
		{A9A6843D-A428-4252-9289-E4FD6E22C377}.Debug|Any CPU.ActiveCfg = Debug|Any CPU
		{A9A6843D-A428-4252-9289-E4FD6E22C377}.Debug|Any CPU.Build.0 = Debug|Any CPU
		{A9A6843D-A428-4252-9289-E4FD6E22C377}.Release|Any CPU.ActiveCfg = Release|Any CPU
		{A9A6843D-A428-4252-9289-E4FD6E22C377}.Release|Any CPU.Build.0 = Release|Any CPU
		{30481609-00E1-46E8-8C6A-C2EB9D088361}.Debug|Any CPU.ActiveCfg = Debug|Any CPU
		{30481609-00E1-46E8-8C6A-C2EB9D088361}.Debug|Any CPU.Build.0 = Debug|Any CPU
		{30481609-00E1-46E8-8C6A-C2EB9D088361}.Release|Any CPU.ActiveCfg = Release|Any CPU
		{30481609-00E1-46E8-8C6A-C2EB9D088361}.Release|Any CPU.Build.0 = Release|Any CPU
		{C537803B-0615-449D-8F44-965D67266171}.Debug|Any CPU.ActiveCfg = Debug|Any CPU
		{C537803B-0615-449D-8F44-965D67266171}.Debug|Any CPU.Build.0 = Debug|Any CPU
		{C537803B-0615-449D-8F44-965D67266171}.Release|Any CPU.ActiveCfg = Release|Any CPU
		{C537803B-0615-449D-8F44-965D67266171}.Release|Any CPU.Build.0 = Release|Any CPU
		{E3137A8F-C57F-4464-A449-8CF50178B9D0}.Debug|Any CPU.ActiveCfg = Debug|Any CPU
		{E3137A8F-C57F-4464-A449-8CF50178B9D0}.Debug|Any CPU.Build.0 = Debug|Any CPU
		{E3137A8F-C57F-4464-A449-8CF50178B9D0}.Release|Any CPU.ActiveCfg = Release|Any CPU
		{E3137A8F-C57F-4464-A449-8CF50178B9D0}.Release|Any CPU.Build.0 = Release|Any CPU
		{E29CD31F-D261-44DA-B525-E350BA595E92}.Debug|Any CPU.ActiveCfg = Debug|Any CPU
		{E29CD31F-D261-44DA-B525-E350BA595E92}.Debug|Any CPU.Build.0 = Debug|Any CPU
		{E29CD31F-D261-44DA-B525-E350BA595E92}.Release|Any CPU.ActiveCfg = Release|Any CPU
		{E29CD31F-D261-44DA-B525-E350BA595E92}.Release|Any CPU.Build.0 = Release|Any CPU
		{EC556ACE-1D0A-4392-95D7-6F3777C12B1A}.Debug|Any CPU.ActiveCfg = Debug|Any CPU
		{EC556ACE-1D0A-4392-95D7-6F3777C12B1A}.Debug|Any CPU.Build.0 = Debug|Any CPU
		{EC556ACE-1D0A-4392-95D7-6F3777C12B1A}.Release|Any CPU.ActiveCfg = Release|Any CPU
		{EC556ACE-1D0A-4392-95D7-6F3777C12B1A}.Release|Any CPU.Build.0 = Release|Any CPU
		{7B407FC6-A695-4BEE-81B5-7D39B92DD1B9}.Debug|Any CPU.ActiveCfg = Debug|Any CPU
		{7B407FC6-A695-4BEE-81B5-7D39B92DD1B9}.Debug|Any CPU.Build.0 = Debug|Any CPU
		{7B407FC6-A695-4BEE-81B5-7D39B92DD1B9}.Release|Any CPU.ActiveCfg = Release|Any CPU
		{7B407FC6-A695-4BEE-81B5-7D39B92DD1B9}.Release|Any CPU.Build.0 = Release|Any CPU
		{F092EB23-3539-4C15-BEC4-0FD2A1F5D517}.Debug|Any CPU.ActiveCfg = Debug|Any CPU
		{F092EB23-3539-4C15-BEC4-0FD2A1F5D517}.Debug|Any CPU.Build.0 = Debug|Any CPU
		{F092EB23-3539-4C15-BEC4-0FD2A1F5D517}.Release|Any CPU.ActiveCfg = Release|Any CPU
		{F092EB23-3539-4C15-BEC4-0FD2A1F5D517}.Release|Any CPU.Build.0 = Release|Any CPU
		{47034FE0-7705-4EC3-96EE-3F15D103B68F}.Debug|Any CPU.ActiveCfg = Debug|Any CPU
		{47034FE0-7705-4EC3-96EE-3F15D103B68F}.Debug|Any CPU.Build.0 = Debug|Any CPU
		{47034FE0-7705-4EC3-96EE-3F15D103B68F}.Release|Any CPU.ActiveCfg = Release|Any CPU
		{47034FE0-7705-4EC3-96EE-3F15D103B68F}.Release|Any CPU.Build.0 = Release|Any CPU
		{6F1D542E-6BF9-4046-9F4A-1EBD49507850}.Debug|Any CPU.ActiveCfg = Debug|Any CPU
		{6F1D542E-6BF9-4046-9F4A-1EBD49507850}.Debug|Any CPU.Build.0 = Debug|Any CPU
		{6F1D542E-6BF9-4046-9F4A-1EBD49507850}.Release|Any CPU.ActiveCfg = Release|Any CPU
		{6F1D542E-6BF9-4046-9F4A-1EBD49507850}.Release|Any CPU.Build.0 = Release|Any CPU
		{7736D65A-D966-4599-808F-F851EA0CC1F9}.Debug|Any CPU.ActiveCfg = Debug|Any CPU
		{7736D65A-D966-4599-808F-F851EA0CC1F9}.Debug|Any CPU.Build.0 = Debug|Any CPU
		{7736D65A-D966-4599-808F-F851EA0CC1F9}.Release|Any CPU.ActiveCfg = Release|Any CPU
		{7736D65A-D966-4599-808F-F851EA0CC1F9}.Release|Any CPU.Build.0 = Release|Any CPU
		{69ADB54A-3DF9-402B-8356-C1CE41FC0837}.Debug|Any CPU.ActiveCfg = Debug|Any CPU
		{69ADB54A-3DF9-402B-8356-C1CE41FC0837}.Debug|Any CPU.Build.0 = Debug|Any CPU
		{69ADB54A-3DF9-402B-8356-C1CE41FC0837}.Release|Any CPU.ActiveCfg = Release|Any CPU
		{69ADB54A-3DF9-402B-8356-C1CE41FC0837}.Release|Any CPU.Build.0 = Release|Any CPU
		{E74C449B-D7D7-4F55-9CD5-8E23D2D8038A}.Debug|Any CPU.ActiveCfg = Debug|Any CPU
		{E74C449B-D7D7-4F55-9CD5-8E23D2D8038A}.Debug|Any CPU.Build.0 = Debug|Any CPU
		{E74C449B-D7D7-4F55-9CD5-8E23D2D8038A}.Release|Any CPU.ActiveCfg = Release|Any CPU
		{E74C449B-D7D7-4F55-9CD5-8E23D2D8038A}.Release|Any CPU.Build.0 = Release|Any CPU
		{98E1CACD-2269-4C43-98B3-4B5F7BC5EFA6}.Debug|Any CPU.ActiveCfg = Debug|Any CPU
		{98E1CACD-2269-4C43-98B3-4B5F7BC5EFA6}.Debug|Any CPU.Build.0 = Debug|Any CPU
		{98E1CACD-2269-4C43-98B3-4B5F7BC5EFA6}.Release|Any CPU.ActiveCfg = Release|Any CPU
		{98E1CACD-2269-4C43-98B3-4B5F7BC5EFA6}.Release|Any CPU.Build.0 = Release|Any CPU
		{5467BDD2-A479-4581-9FDD-BD6391763EEA}.Debug|Any CPU.ActiveCfg = Debug|Any CPU
		{5467BDD2-A479-4581-9FDD-BD6391763EEA}.Debug|Any CPU.Build.0 = Debug|Any CPU
		{5467BDD2-A479-4581-9FDD-BD6391763EEA}.Release|Any CPU.ActiveCfg = Release|Any CPU
		{5467BDD2-A479-4581-9FDD-BD6391763EEA}.Release|Any CPU.Build.0 = Release|Any CPU
		{A1C633C1-4D5D-459A-9F4C-DA66D7CAA3B3}.Debug|Any CPU.ActiveCfg = Debug|Any CPU
		{A1C633C1-4D5D-459A-9F4C-DA66D7CAA3B3}.Debug|Any CPU.Build.0 = Debug|Any CPU
		{A1C633C1-4D5D-459A-9F4C-DA66D7CAA3B3}.Release|Any CPU.ActiveCfg = Release|Any CPU
		{A1C633C1-4D5D-459A-9F4C-DA66D7CAA3B3}.Release|Any CPU.Build.0 = Release|Any CPU
		{6B1DB008-3230-44A6-8E2D-4468FF02C0CF}.Debug|Any CPU.ActiveCfg = Debug|Any CPU
		{6B1DB008-3230-44A6-8E2D-4468FF02C0CF}.Debug|Any CPU.Build.0 = Debug|Any CPU
		{6B1DB008-3230-44A6-8E2D-4468FF02C0CF}.Release|Any CPU.ActiveCfg = Release|Any CPU
		{6B1DB008-3230-44A6-8E2D-4468FF02C0CF}.Release|Any CPU.Build.0 = Release|Any CPU
		{3DC48F21-8189-41B0-ACA5-AA6B36C1DD12}.Debug|Any CPU.ActiveCfg = Debug|Any CPU
		{3DC48F21-8189-41B0-ACA5-AA6B36C1DD12}.Debug|Any CPU.Build.0 = Debug|Any CPU
		{3DC48F21-8189-41B0-ACA5-AA6B36C1DD12}.Release|Any CPU.ActiveCfg = Release|Any CPU
		{3DC48F21-8189-41B0-ACA5-AA6B36C1DD12}.Release|Any CPU.Build.0 = Release|Any CPU
		{646E6858-3456-4F11-81AA-4E77D0C4E3A8}.Debug|Any CPU.ActiveCfg = Debug|Any CPU
		{646E6858-3456-4F11-81AA-4E77D0C4E3A8}.Debug|Any CPU.Build.0 = Debug|Any CPU
		{646E6858-3456-4F11-81AA-4E77D0C4E3A8}.Release|Any CPU.ActiveCfg = Release|Any CPU
		{646E6858-3456-4F11-81AA-4E77D0C4E3A8}.Release|Any CPU.Build.0 = Release|Any CPU
		{63B72176-B3E3-43AE-9324-190EA7A90169}.Debug|Any CPU.ActiveCfg = Debug|Any CPU
		{63B72176-B3E3-43AE-9324-190EA7A90169}.Debug|Any CPU.Build.0 = Debug|Any CPU
		{63B72176-B3E3-43AE-9324-190EA7A90169}.Release|Any CPU.ActiveCfg = Release|Any CPU
		{63B72176-B3E3-43AE-9324-190EA7A90169}.Release|Any CPU.Build.0 = Release|Any CPU
		{60AC7BDF-9D0F-4E5F-9416-793B79C29482}.Debug|Any CPU.ActiveCfg = Debug|Any CPU
		{60AC7BDF-9D0F-4E5F-9416-793B79C29482}.Debug|Any CPU.Build.0 = Debug|Any CPU
		{60AC7BDF-9D0F-4E5F-9416-793B79C29482}.Release|Any CPU.ActiveCfg = Release|Any CPU
		{60AC7BDF-9D0F-4E5F-9416-793B79C29482}.Release|Any CPU.Build.0 = Release|Any CPU
		{A8CE3911-B638-42D5-864B-648DC121163B}.Debug|Any CPU.ActiveCfg = Debug|Any CPU
		{A8CE3911-B638-42D5-864B-648DC121163B}.Debug|Any CPU.Build.0 = Debug|Any CPU
		{A8CE3911-B638-42D5-864B-648DC121163B}.Release|Any CPU.ActiveCfg = Release|Any CPU
		{A8CE3911-B638-42D5-864B-648DC121163B}.Release|Any CPU.Build.0 = Release|Any CPU
		{15C043B4-BB72-4ADA-9D81-BB37355C4999}.Debug|Any CPU.ActiveCfg = Debug|Any CPU
		{15C043B4-BB72-4ADA-9D81-BB37355C4999}.Debug|Any CPU.Build.0 = Debug|Any CPU
		{15C043B4-BB72-4ADA-9D81-BB37355C4999}.Release|Any CPU.ActiveCfg = Release|Any CPU
		{15C043B4-BB72-4ADA-9D81-BB37355C4999}.Release|Any CPU.Build.0 = Release|Any CPU
		{2CF5182E-8868-4B65-9665-ADB4E5B5125F}.Debug|Any CPU.ActiveCfg = Debug|Any CPU
		{2CF5182E-8868-4B65-9665-ADB4E5B5125F}.Debug|Any CPU.Build.0 = Debug|Any CPU
		{2CF5182E-8868-4B65-9665-ADB4E5B5125F}.Release|Any CPU.ActiveCfg = Release|Any CPU
		{2CF5182E-8868-4B65-9665-ADB4E5B5125F}.Release|Any CPU.Build.0 = Release|Any CPU
		{26E7A823-8B0D-4064-B0A2-00557E031AB6}.Debug|Any CPU.ActiveCfg = Debug|Any CPU
		{26E7A823-8B0D-4064-B0A2-00557E031AB6}.Debug|Any CPU.Build.0 = Debug|Any CPU
		{26E7A823-8B0D-4064-B0A2-00557E031AB6}.Release|Any CPU.ActiveCfg = Release|Any CPU
		{26E7A823-8B0D-4064-B0A2-00557E031AB6}.Release|Any CPU.Build.0 = Release|Any CPU
		{6AD6A21F-C4AC-42F7-989C-6ED411E003DD}.Debug|Any CPU.ActiveCfg = Debug|Any CPU
		{6AD6A21F-C4AC-42F7-989C-6ED411E003DD}.Debug|Any CPU.Build.0 = Debug|Any CPU
		{6AD6A21F-C4AC-42F7-989C-6ED411E003DD}.Release|Any CPU.ActiveCfg = Release|Any CPU
		{6AD6A21F-C4AC-42F7-989C-6ED411E003DD}.Release|Any CPU.Build.0 = Release|Any CPU
		{223DB26D-453A-4FE5-A010-E503255857B0}.Debug|Any CPU.ActiveCfg = Debug|Any CPU
		{223DB26D-453A-4FE5-A010-E503255857B0}.Debug|Any CPU.Build.0 = Debug|Any CPU
		{223DB26D-453A-4FE5-A010-E503255857B0}.Release|Any CPU.ActiveCfg = Release|Any CPU
		{223DB26D-453A-4FE5-A010-E503255857B0}.Release|Any CPU.Build.0 = Release|Any CPU
		{127955B2-F280-4E81-A7EF-C8C4BC0885DB}.Debug|Any CPU.ActiveCfg = Debug|Any CPU
		{127955B2-F280-4E81-A7EF-C8C4BC0885DB}.Debug|Any CPU.Build.0 = Debug|Any CPU
		{127955B2-F280-4E81-A7EF-C8C4BC0885DB}.Release|Any CPU.ActiveCfg = Release|Any CPU
		{127955B2-F280-4E81-A7EF-C8C4BC0885DB}.Release|Any CPU.Build.0 = Release|Any CPU
		{9D1C5F30-E9E9-4534-A918-9E75D3E91662}.Debug|Any CPU.ActiveCfg = Debug|Any CPU
		{9D1C5F30-E9E9-4534-A918-9E75D3E91662}.Debug|Any CPU.Build.0 = Debug|Any CPU
		{9D1C5F30-E9E9-4534-A918-9E75D3E91662}.Release|Any CPU.ActiveCfg = Release|Any CPU
		{9D1C5F30-E9E9-4534-A918-9E75D3E91662}.Release|Any CPU.Build.0 = Release|Any CPU
		{3CE87ABF-9FF0-4EC5-9779-1CCB0711B66A}.Debug|Any CPU.ActiveCfg = Debug|Any CPU
		{3CE87ABF-9FF0-4EC5-9779-1CCB0711B66A}.Debug|Any CPU.Build.0 = Debug|Any CPU
		{3CE87ABF-9FF0-4EC5-9779-1CCB0711B66A}.Release|Any CPU.ActiveCfg = Release|Any CPU
		{3CE87ABF-9FF0-4EC5-9779-1CCB0711B66A}.Release|Any CPU.Build.0 = Release|Any CPU
		{5E80C006-CB58-4FBB-B212-0188F5384285}.Debug|Any CPU.ActiveCfg = Debug|Any CPU
		{5E80C006-CB58-4FBB-B212-0188F5384285}.Debug|Any CPU.Build.0 = Debug|Any CPU
		{5E80C006-CB58-4FBB-B212-0188F5384285}.Release|Any CPU.ActiveCfg = Release|Any CPU
		{5E80C006-CB58-4FBB-B212-0188F5384285}.Release|Any CPU.Build.0 = Release|Any CPU
		{DF97B5AA-2C87-43D7-8CBF-43568A358D0A}.Debug|Any CPU.ActiveCfg = Debug|Any CPU
		{DF97B5AA-2C87-43D7-8CBF-43568A358D0A}.Debug|Any CPU.Build.0 = Debug|Any CPU
		{DF97B5AA-2C87-43D7-8CBF-43568A358D0A}.Release|Any CPU.ActiveCfg = Release|Any CPU
		{DF97B5AA-2C87-43D7-8CBF-43568A358D0A}.Release|Any CPU.Build.0 = Release|Any CPU
	EndGlobalSection
EndGlobal
