
Microsoft Visual Studio Solution File, Format Version 12.00
Project("{FAE04EC0-301F-11D3-BF4B-00C04F79EFBC}") = "Client", "Direct reply-to\Client\Client.csproj", "{FDC13E5E-283E-430B-9060-32E5ADEF2A2C}"
EndProject
Project("{FAE04EC0-301F-11D3-BF4B-00C04F79EFBC}") = "Server", "Direct reply-to\Server\Server.csproj", "{C564FA71-D707-4D23-A7B8-1377D7120106}"
EndProject
Global
	GlobalSection(SolutionConfigurationPlatforms) = preSolution
		Debug|Any CPU = Debug|Any CPU
		Release|Any CPU = Release|Any CPU
	EndGlobalSection
	GlobalSection(ProjectConfigurationPlatforms) = postSolution
		{FDC13E5E-283E-430B-9060-32E5ADEF2A2C}.Debug|Any CPU.ActiveCfg = Debug|Any CPU
		{FDC13E5E-283E-430B-9060-32E5ADEF2A2C}.Debug|Any CPU.Build.0 = Debug|Any CPU
		{FDC13E5E-283E-430B-9060-32E5ADEF2A2C}.Release|Any CPU.ActiveCfg = Release|Any CPU
		{FDC13E5E-283E-430B-9060-32E5ADEF2A2C}.Release|Any CPU.Build.0 = Release|Any CPU
		{C564FA71-D707-4D23-A7B8-1377D7120106}.Debug|Any CPU.ActiveCfg = Debug|Any CPU
		{C564FA71-D707-4D23-A7B8-1377D7120106}.Debug|Any CPU.Build.0 = Debug|Any CPU
		{C564FA71-D707-4D23-A7B8-1377D7120106}.Release|Any CPU.ActiveCfg = Release|Any CPU
		{C564FA71-D707-4D23-A7B8-1377D7120106}.Release|Any CPU.Build.0 = Release|Any CPU
	EndGlobalSection
EndGlobal
